
Microsoft Visual Studio Solution File, Format Version 12.00
# Visual Studio Version 16
VisualStudioVersion = 16.0.34301.259
MinimumVisualStudioVersion = 10.0.40219.1
Project("{8BC9CEB8-8B4A-11D0-8D11-00A0C91BC942}") = "SpawnProcess", "SpawnProcess\SpawnProcess.vcxproj", "{2F7C3038-2E2C-4DB5-9013-E81238C64F8B}"
EndProject
Global
	GlobalSection(SolutionConfigurationPlatforms) = preSolution
		Debug|x64 = Debug|x64
		Debug|x86 = Debug|x86
		Release|x64 = Release|x64
		Release|x86 = Release|x86
	EndGlobalSection
	GlobalSection(ProjectConfigurationPlatforms) = postSolution
		{2F7C3038-2E2C-4DB5-9013-E81238C64F8B}.Debug|x64.ActiveCfg = Debug|x64
		{2F7C3038-2E2C-4DB5-9013-E81238C64F8B}.Debug|x64.Build.0 = Debug|x64
		{2F7C3038-2E2C-4DB5-9013-E81238C64F8B}.Debug|x86.ActiveCfg = Debug|Win32
		{2F7C3038-2E2C-4DB5-9013-E81238C64F8B}.Debug|x86.Build.0 = Debug|Win32
		{2F7C3038-2E2C-4DB5-9013-E81238C64F8B}.Release|x64.ActiveCfg = Release|x64
		{2F7C3038-2E2C-4DB5-9013-E81238C64F8B}.Release|x64.Build.0 = Release|x64
		{2F7C3038-2E2C-4DB5-9013-E81238C64F8B}.Release|x86.ActiveCfg = Release|Win32
		{2F7C3038-2E2C-4DB5-9013-E81238C64F8B}.Release|x86.Build.0 = Release|Win32
	EndGlobalSection
	GlobalSection(SolutionProperties) = preSolution
		HideSolutionNode = FALSE
	EndGlobalSection
	GlobalSection(ExtensibilityGlobals) = postSolution
		SolutionGuid = {30C93EEF-8D56-4F2B-9DC5-E7903302BB02}
	EndGlobalSection
EndGlobal
